
Microsoft Visual Studio Solution File, Format Version 12.00
# Visual Studio Version 17
VisualStudioVersion = 17.3.32804.467
MinimumVisualStudioVersion = 10.0.40219.1
Project("{9A19103F-16F7-4668-BE54-9A1E7A4F7556}") = "Teste-tecnico-staffing", "Teste-tecnico-staffing\Teste-tecnico-staffing.csproj", "{462708D6-ABE9-47CA-AC96-2E86625E2AC1}"
EndProject
Project("{FAE04EC0-301F-11D3-BF4B-00C04F79EFBC}") = "Test-tecnico-staffing-tests", "Test-tecnico-staffing-tests\Test-tecnico-staffing-tests.csproj", "{4AE130E6-A283-40C1-907F-637424406347}"
EndProject
Global
	GlobalSection(SolutionConfigurationPlatforms) = preSolution
		Debug|Any CPU = Debug|Any CPU
		Release|Any CPU = Release|Any CPU
	EndGlobalSection
	GlobalSection(ProjectConfigurationPlatforms) = postSolution
		{462708D6-ABE9-47CA-AC96-2E86625E2AC1}.Debug|Any CPU.ActiveCfg = Debug|Any CPU
		{462708D6-ABE9-47CA-AC96-2E86625E2AC1}.Debug|Any CPU.Build.0 = Debug|Any CPU
		{462708D6-ABE9-47CA-AC96-2E86625E2AC1}.Release|Any CPU.ActiveCfg = Release|Any CPU
		{462708D6-ABE9-47CA-AC96-2E86625E2AC1}.Release|Any CPU.Build.0 = Release|Any CPU
		{4AE130E6-A283-40C1-907F-637424406347}.Debug|Any CPU.ActiveCfg = Debug|Any CPU
		{4AE130E6-A283-40C1-907F-637424406347}.Debug|Any CPU.Build.0 = Debug|Any CPU
		{4AE130E6-A283-40C1-907F-637424406347}.Release|Any CPU.ActiveCfg = Release|Any CPU
		{4AE130E6-A283-40C1-907F-637424406347}.Release|Any CPU.Build.0 = Release|Any CPU
	EndGlobalSection
	GlobalSection(SolutionProperties) = preSolution
		HideSolutionNode = FALSE
	EndGlobalSection
	GlobalSection(ExtensibilityGlobals) = postSolution
		SolutionGuid = {F8B2998D-4709-497D-A546-CDF9F5ED3A47}
	EndGlobalSection
EndGlobal
